# THIS IS AN AUTOGENERATED FILE. DO NOT EDIT THIS FILE DIRECTLY.
# yarn lockfile v1


"@polywrap/templates@0.12.1":
  version "0.12.1"
  resolved "https://registry.yarnpkg.com/@polywrap/templates/-/templates-0.12.1.tgz#df07423b8d6e7f5e37741cf03c24153c9690011a"
  integrity sha512-+KSlXssRWUc8G/EUtn8kk7e6mYphFfJsYNahVABdnZ8JtQFE6D1Kaz1xFas50Wg1xvWx6eQrbvxCa/lN+6QRDw==
